{
  "name": "my-training-app",
  "lockfileVersion": 3,
  "requires": true,
  "packages": {
    "": {
      "name": "my-training-app",
      "dependencies": {
        "@sentry/react": "^10.57.0"
      },
      "engines": {
        "node": ">=20.19"
      }
    },
    "node_modules/@sentry-internal/browser-utils": {
      "version": "10.57.0",
      "resolved": "https://registry.npmjs.org/@sentry-internal/browser-utils/-/browser-utils-10.57.0.tgz",
      "integrity": "sha512-tXObp954rMTSYKlbftjVXHtNl4t/6ssks3jkqyzmKb+PDPWzabGQO7sWwqVuTjT8Kx/8A3FmriS1bGmqxiJy3A==",
      "license": "MIT",
      "dependencies": {
        "@sentry/core": "10.57.0"
      },
      "engines": {
        "node": ">=18"
      }
    },
    "node_modules/@sentry-internal/feedback": {
      "version": "10.57.0",
      "resolved": "https://registry.npmjs.org/@sentry-internal/feedback/-/feedback-10.57.0.tgz",
      "integrity": "sha512-ZcF4QhkqGX3iiQSXB2N0N3Awp+j5iqnDRu6PA/qyLFrWqH5ZiiAAgu59OLD9E6XAdg6iFtLYw19MAMZVK8qNOQ==",
      "license": "MIT",
      "dependencies": {
        "@sentry/core": "10.57.0"
      },
      "engines": {
        "node": ">=18"
      }
    },
    "node_modules/@sentry-internal/replay": {
      "version": "10.57.0",
      "resolved": "https://registry.npmjs.org/@sentry-internal/replay/-/replay-10.57.0.tgz",
      "integrity": "sha512-Wmnx/6ABynVH1iwuoNUqJNyjIUqsqoGML7qsyivBRKb5Wo2YQtPOQlQYfxfZSvWzGpcoSVdInkRjDssUQxQEQg==",
      "license": "MIT",
      "dependencies": {
        "@sentry-internal/browser-utils": "10.57.0",
        "@sentry/core": "10.57.0"
      },
      "engines": {
        "node": ">=18"
      }
    },
    "node_modules/@sentry-internal/replay-canvas": {
      "version": "10.57.0",
      "resolved": "https://registry.npmjs.org/@sentry-internal/replay-canvas/-/replay-canvas-10.57.0.tgz",
      "integrity": "sha512-zsfa4JcfV0AEc9YhNxNabd5lSZL2Av84saAyexGAqcHs+67m9Gd0cGStOzMb/nCl7UAtmdP0aI+G7a3rcxxN/A==",
      "license": "MIT",
      "dependencies": {
        "@sentry-internal/replay": "10.57.0",
        "@sentry/core": "10.57.0"
      },
      "engines": {
        "node": ">=18"
      }
    },
    "node_modules/@sentry/browser": {
      "version": "10.57.0",
      "resolved": "https://registry.npmjs.org/@sentry/browser/-/browser-10.57.0.tgz",
      "integrity": "sha512-s36AQy/CKXTfyY9Z+qUhzNomntZXgfs0rbaK7q9ffnFkqcPwzE8qQtVs58y3Suut56u+AhwSztgQtERcuZ5VIA==",
      "license": "MIT",
      "dependencies": {
        "@sentry-internal/browser-utils": "10.57.0",
        "@sentry-internal/feedback": "10.57.0",
        "@sentry-internal/replay": "10.57.0",
        "@sentry-internal/replay-canvas": "10.57.0",
        "@sentry/core": "10.57.0"
      },
      "engines": {
        "node": ">=18"
      }
    },
    "node_modules/@sentry/core": {
      "version": "10.57.0",
      "resolved": "https://registry.npmjs.org/@sentry/core/-/core-10.57.0.tgz",
      "integrity": "sha512-kntItTA2kiT0YpL7encXaF6mkdZMB+y48lwj8w1wkfBpfJAC7sifdgrzLQZqmsqVNE3crg9VfufaAGA+78uFMg==",
      "license": "MIT",
      "engines": {
        "node": ">=18"
      }
    },
    "node_modules/@sentry/react": {
      "version": "10.57.0",
      "resolved": "https://registry.npmjs.org/@sentry/react/-/react-10.57.0.tgz",
      "integrity": "sha512-6QThwQ4XWQ2rwKZEVQ9P9WKl7JlowC7S5LpAvmMdrwlfJBpLDFOsM7tycnIvbXTXf0ZOOuLFPa4L4YYbdyNGmA==",
      "license": "MIT",
      "dependencies": {
        "@sentry/browser": "10.57.0",
        "@sentry/core": "10.57.0"
      },
      "engines": {
        "node": ">=18"
      },
      "peerDependencies": {
        "react": "^16.14.0 || 17.x || 18.x || 19.x"
      }
    },
    "node_modules/react": {
      "version": "19.2.7",
      "resolved": "https://registry.npmjs.org/react/-/react-19.2.7.tgz",
      "integrity": "sha512-HNe9WslTbXmFK8o8cmwgAeJFSBvt1bPdHCVKtaaV+WlAN36mpT4hcRpwbf3fY56ar2oIXzsBpOAiIRHAdY0OlQ==",
      "license": "MIT",
      "peer": true,
      "engines": {
        "node": ">=0.10.0"
      }
    }
  }
}
